
Microsoft Visual Studio Solution File, Format Version 12.00
# Visual Studio Version 16
VisualStudioVersion = 16.0.30204.135
MinimumVisualStudioVersion = 10.0.40219.1
Project("{FAE04EC0-301F-11D3-BF4B-00C04F79EFBC}") = "Hesap_makinesi", "Hesap_makinesi.csproj", "{6F5F1BF2-6F2A-4D4B-9B79-7A3859C12B11}"
EndProject
Global
	GlobalSection(SolutionConfigurationPlatforms) = preSolution
		Debug|Any CPU = Debug|Any CPU
		Release|Any CPU = Release|Any CPU
	EndGlobalSection
	GlobalSection(ProjectConfigurationPlatforms) = postSolution
		{6F5F1BF2-6F2A-4D4B-9B79-7A3859C12B11}.Debug|Any CPU.ActiveCfg = Debug|Any CPU
		{6F5F1BF2-6F2A-4D4B-9B79-7A3859C12B11}.Debug|Any CPU.Build.0 = Debug|Any CPU
		{6F5F1BF2-6F2A-4D4B-9B79-7A3859C12B11}.Release|Any CPU.ActiveCfg = Release|Any CPU
		{6F5F1BF2-6F2A-4D4B-9B79-7A3859C12B11}.Release|Any CPU.Build.0 = Release|Any CPU
	EndGlobalSection
	GlobalSection(SolutionProperties) = preSolution
		HideSolutionNode = FALSE
	EndGlobalSection
	GlobalSection(ExtensibilityGlobals) = postSolution
		SolutionGuid = {3E264D58-61C2-4720-BA55-8D4EB9587D2E}
	EndGlobalSection
EndGlobal
